// !$*UTF8*$!
{
	archiveVersion = 1;
	classes = {
	};
	objectVersion = 50;
	objects = {

/* Begin PBXBuildFile section */
		3274DDA123191A3D0099B36F /* AppDelegate.swift in Sources */ = {isa = PBXBuildFile; fileRef = 3274DDA023191A3D0099B36F /* AppDelegate.swift */; };
		3274DDA323191A3D0099B36F /* ViewController.swift in Sources */ = {isa = PBXBuildFile; fileRef = 3274DDA223191A3D0099B36F /* ViewController.swift */; };
		3274DDA623191A3D0099B36F /* Main.storyboard in Resources */ = {isa = PBXBuildFile; fileRef = 3274DDA423191A3D0099B36F /* Main.storyboard */; };
		3274DDA823191A3D0099B36F /* Assets.xcassets in Resources */ = {isa = PBXBuildFile; fileRef = 3274DDA723191A3D0099B36F /* Assets.xcassets */; };
		3274DDAB23191A3D0099B36F /* LaunchScreen.storyboard in Resources */ = {isa = PBXBuildFile; fileRef = 3274DDA923191A3D0099B36F /* LaunchScreen.storyboard */; };
		3274DDB623191A3D0099B36F /* TestBarcodeQRcodeTests.swift in Sources */ = {isa = PBXBuildFile; fileRef = 3274DDB523191A3D0099B36F /* TestBarcodeQRcodeTests.swift */; };
		3274DDC123191A3D0099B36F /* TestBarcodeQRcodeUITests.swift in Sources */ = {isa = PBXBuildFile; fileRef = 3274DDC023191A3D0099B36F /* TestBarcodeQRcodeUITests.swift */; };
		3274DDCF23191BD70099B36F /* QRScannerView.swift in Sources */ = {isa = PBXBuildFile; fileRef = 3274DDCE23191BD70099B36F /* QRScannerView.swift */; };
/* End PBXBuildFile section */

/* Begin PBXContainerItemProxy section */
		3274DDB223191A3D0099B36F /* PBXContainerItemProxy */ = {
			isa = PBXContainerItemProxy;
			containerPortal = 3274DD9523191A3D0099B36F /* Project object */;
			proxyType = 1;
			remoteGlobalIDString = 3274DD9C23191A3D0099B36F;
			remoteInfo = TestBarcodeQRcode;
		};
		3274DDBD23191A3D0099B36F /* PBXContainerItemProxy */ = {
			isa = PBXContainerItemProxy;
			containerPortal = 3274DD9523191A3D0099B36F /* Project object */;
			proxyType = 1;
			remoteGlobalIDString = 3274DD9C23191A3D0099B36F;
			remoteInfo = TestBarcodeQRcode;
		};
/* End PBXContainerItemProxy section */

/* Begin PBXFileReference section */
		3274DD9D23191A3D0099B36F /* TestBarcodeQRcode.app */ = {isa = PBXFileReference; explicitFileType = wrapper.application; includeInIndex = 0; path = TestBarcodeQRcode.app; sourceTree = BUILT_PRODUCTS_DIR; };
		3274DDA023191A3D0099B36F /* AppDelegate.swift */ = {isa = PBXFileReference; lastKnownFileType = sourcecode.swift; path = AppDelegate.swift; sourceTree = "<group>"; };
		3274DDA223191A3D0099B36F /* ViewController.swift */ = {isa = PBXFileReference; lastKnownFileType = sourcecode.swift; path = ViewController.swift; sourceTree = "<group>"; };
		3274DDA523191A3D0099B36F /* Base */ = {isa = PBXFileReference; lastKnownFileType = file.storyboard; name = Base; path = Base.lproj/Main.storyboard; sourceTree = "<group>"; };
		3274DDA723191A3D0099B36F /* Assets.xcassets */ = {isa = PBXFileReference; lastKnownFileType = folder.assetcatalog; path = Assets.xcassets; sourceTree = "<group>"; };
		3274DDAA23191A3D0099B36F /* Base */ = {isa = PBXFileReference; lastKnownFileType = file.storyboard; name = Base; path = Base.lproj/LaunchScreen.storyboard; sourceTree = "<group>"; };
		3274DDAC23191A3D0099B36F /* Info.plist */ = {isa = PBXFileReference; lastKnownFileType = text.plist.xml; path = Info.plist; sourceTree = "<group>"; };
		3274DDB123191A3D0099B36F /* TestBarcodeQRcodeTests.xctest */ = {isa = PBXFileReference; explicitFileType = wrapper.cfbundle; includeInIndex = 0; path = TestBarcodeQRcodeTests.xctest; sourceTree = BUILT_PRODUCTS_DIR; };
		3274DDB523191A3D0099B36F /* TestBarcodeQRcodeTests.swift */ = {isa = PBXFileReference; lastKnownFileType = sourcecode.swift; path = TestBarcodeQRcodeTests.swift; sourceTree = "<group>"; };
		3274DDB723191A3D0099B36F /* Info.plist */ = {isa = PBXFileReference; lastKnownFileType = text.plist.xml; path = Info.plist; sourceTree = "<group>"; };
		3274DDBC23191A3D0099B36F /* TestBarcodeQRcodeUITests.xctest */ = {isa = PBXFileReference; explicitFileType = wrapper.cfbundle; includeInIndex = 0; path = TestBarcodeQRcodeUITests.xctest; sourceTree = BUILT_PRODUCTS_DIR; };
		3274DDC023191A3D0099B36F /* TestBarcodeQRcodeUITests.swift */ = {isa = PBXFileReference; lastKnownFileType = sourcecode.swift; path = TestBarcodeQRcodeUITests.swift; sourceTree = "<group>"; };
		3274DDC223191A3D0099B36F /* Info.plist */ = {isa = PBXFileReference; lastKnownFileType = text.plist.xml; path = Info.plist; sourceTree = "<group>"; };
		3274DDCE23191BD70099B36F /* QRScannerView.swift */ = {isa = PBXFileReference; lastKnownFileType = sourcecode.swift; path = QRScannerView.swift; sourceTree = "<group>"; };
/* End PBXFileReference section */

/* Begin PBXFrameworksBuildPhase section */
		3274DD9A23191A3D0099B36F /* Frameworks */ = {
			isa = PBXFrameworksBuildPhase;
			buildActionMask = 2147483647;
			files = (
			);
			runOnlyForDeploymentPostprocessing = 0;
		};
		3274DDAE23191A3D0099B36F /* Frameworks */ = {
			isa = PBXFrameworksBuildPhase;
			buildActionMask = 2147483647;
			files = (
			);
			runOnlyForDeploymentPostprocessing = 0;
		};
		3274DDB923191A3D0099B36F /* Frameworks */ = {
			isa = PBXFrameworksBuildPhase;
			buildActionMask = 2147483647;
			files = (
			);
			runOnlyForDeploymentPostprocessing = 0;
		};
/* End PBXFrameworksBuildPhase section */

/* Begin PBXGroup section */
		3274DD9423191A3D0099B36F = {
			isa = PBXGroup;
			children = (
				3274DD9F23191A3D0099B36F /* TestBarcodeQRcode */,
				3274DDB423191A3D0099B36F /* TestBarcodeQRcodeTests */,
				3274DDBF23191A3D0099B36F /* TestBarcodeQRcodeUITests */,
				3274DD9E23191A3D0099B36F /* Products */,
			);
			sourceTree = "<group>";
		};
		3274DD9E23191A3D0099B36F /* Products */ = {
			isa = PBXGroup;
			children = (
				3274DD9D23191A3D0099B36F /* TestBarcodeQRcode.app */,
				3274DDB123191A3D0099B36F /* TestBarcodeQRcodeTests.xctest */,
				3274DDBC23191A3D0099B36F /* TestBarcodeQRcodeUITests.xctest */,
			);
			name = Products;
			sourceTree = "<group>";
		};
		3274DD9F23191A3D0099B36F /* TestBarcodeQRcode */ = {
			isa = PBXGroup;
			children = (
				3274DDA023191A3D0099B36F /* AppDelegate.swift */,
				3274DDA223191A3D0099B36F /* ViewController.swift */,
				3274DDA423191A3D0099B36F /* Main.storyboard */,
				3274DDA723191A3D0099B36F /* Assets.xcassets */,
				3274DDA923191A3D0099B36F /* LaunchScreen.storyboard */,
				3274DDAC23191A3D0099B36F /* Info.plist */,
				3274DDCE23191BD70099B36F /* QRScannerView.swift */,
			);
			path = TestBarcodeQRcode;
			sourceTree = "<group>";
		};
		3274DDB423191A3D0099B36F /* TestBarcodeQRcodeTests */ = {
			isa = PBXGroup;
			children = (
				3274DDB523191A3D0099B36F /* TestBarcodeQRcodeTests.swift */,
				3274DDB723191A3D0099B36F /* Info.plist */,
			);
			path = TestBarcodeQRcodeTests;
			sourceTree = "<group>";
		};
		3274DDBF23191A3D0099B36F /* TestBarcodeQRcodeUITests */ = {
			isa = PBXGroup;
			children = (
				3274DDC023191A3D0099B36F /* TestBarcodeQRcodeUITests.swift */,
				3274DDC223191A3D0099B36F /* Info.plist */,
			);
			path = TestBarcodeQRcodeUITests;
			sourceTree = "<group>";
		};
/* End PBXGroup section */

/* Begin PBXNativeTarget section */
		3274DD9C23191A3D0099B36F /* TestBarcodeQRcode */ = {
			isa = PBXNativeTarget;
			buildConfigurationList = 3274DDC523191A3D0099B36F /* Build configuration list for PBXNativeTarget "TestBarcodeQRcode" */;
			buildPhases = (
				3274DD9923191A3D0099B36F /* Sources */,
				3274DD9A23191A3D0099B36F /* Frameworks */,
				3274DD9B23191A3D0099B36F /* Resources */,
			);
			buildRules = (
			);
			dependencies = (
			);
			name = TestBarcodeQRcode;
			productName = TestBarcodeQRcode;
			productReference = 3274DD9D23191A3D0099B36F /* TestBarcodeQRcode.app */;
			productType = "com.apple.product-type.application";
		};
		3274DDB023191A3D0099B36F /* TestBarcodeQRcodeTests */ = {
			isa = PBXNativeTarget;
			buildConfigurationList = 3274DDC823191A3D0099B36F /* Build configuration list for PBXNativeTarget "TestBarcodeQRcodeTests" */;
			buildPhases = (
				3274DDAD23191A3D0099B36F /* Sources */,
				3274DDAE23191A3D0099B36F /* Frameworks */,
				3274DDAF23191A3D0099B36F /* Resources */,
			);
			buildRules = (
			);
			dependencies = (
				3274DDB323191A3D0099B36F /* PBXTargetDependency */,
			);
			name = TestBarcodeQRcodeTests;
			productName = TestBarcodeQRcodeTests;
			productReference = 3274DDB123191A3D0099B36F /* TestBarcodeQRcodeTests.xctest */;
			productType = "com.apple.product-type.bundle.unit-test";
		};
		3274DDBB23191A3D0099B36F /* TestBarcodeQRcodeUITests */ = {
			isa = PBXNativeTarget;
			buildConfigurationList = 3274DDCB23191A3D0099B36F /* Build configuration list for PBXNativeTarget "TestBarcodeQRcodeUITests" */;
			buildPhases = (
				3274DDB823191A3D0099B36F /* Sources */,
				3274DDB923191A3D0099B36F /* Frameworks */,
				3274DDBA23191A3D0099B36F /* Resources */,
			);
			buildRules = (
			);
			dependencies = (
				3274DDBE23191A3D0099B36F /* PBXTargetDependency */,
			);
			name = TestBarcodeQRcodeUITests;
			productName = TestBarcodeQRcodeUITests;
			productReference = 3274DDBC23191A3D0099B36F /* TestBarcodeQRcodeUITests.xctest */;
			productType = "com.apple.product-type.bundle.ui-testing";
		};
/* End PBXNativeTarget section */

/* Begin PBXProject section */
		3274DD9523191A3D0099B36F /* Project object */ = {
			isa = PBXProject;
			attributes = {
				LastSwiftUpdateCheck = 1010;
				LastUpgradeCheck = 1010;
				ORGANIZATIONNAME = "Bruce Chen";
				TargetAttributes = {
					3274DD9C23191A3D0099B36F = {
						CreatedOnToolsVersion = 10.1;
					};
					3274DDB023191A3D0099B36F = {
						CreatedOnToolsVersion = 10.1;
						TestTargetID = 3274DD9C23191A3D0099B36F;
					};
					3274DDBB23191A3D0099B36F = {
						CreatedOnToolsVersion = 10.1;
						TestTargetID = 3274DD9C23191A3D0099B36F;
					};
				};
			};
			buildConfigurationList = 3274DD9823191A3D0099B36F /* Build configuration list for PBXProject "TestBarcodeQRcode" */;
			compatibilityVersion = "Xcode 9.3";
			developmentRegion = en;
			hasScannedForEncodings = 0;
			knownRegions = (
				en,
				Base,
			);
			mainGroup = 3274DD9423191A3D0099B36F;
			productRefGroup = 3274DD9E23191A3D0099B36F /* Products */;
			projectDirPath = "";
			projectRoot = "";
			targets = (
				3274DD9C23191A3D0099B36F /* TestBarcodeQRcode */,
				3274DDB023191A3D0099B36F /* TestBarcodeQRcodeTests */,
				3274DDBB23191A3D0099B36F /* TestBarcodeQRcodeUITests */,
			);
		};
/* End PBXProject section */

/* Begin PBXResourcesBuildPhase section */
		3274DD9B23191A3D0099B36F /* Resources */ = {
			isa = PBXResourcesBuildPhase;
			buildActionMask = 2147483647;
			files = (
				3274DDAB23191A3D0099B36F /* LaunchScreen.storyboard in Resources */,
				3274DDA823191A3D0099B36F /* Assets.xcassets in Resources */,
				3274DDA623191A3D0099B36F /* Main.storyboard in Resources */,
			);
			runOnlyForDeploymentPostprocessing = 0;
		};
		3274DDAF23191A3D0099B36F /* Resources */ = {
			isa = PBXResourcesBuildPhase;
			buildActionMask = 2147483647;
			files = (
			);
			runOnlyForDeploymentPostprocessing = 0;
		};
		3274DDBA23191A3D0099B36F /* Resources */ = {
			isa = PBXResourcesBuildPhase;
			buildActionMask = 2147483647;
			files = (
			);
			runOnlyForDeploymentPostprocessing = 0;
		};
/* End PBXResourcesBuildPhase section */

/* Begin PBXSourcesBuildPhase section */
		3274DD9923191A3D0099B36F /* Sources */ = {
			isa = PBXSourcesBuildPhase;
			buildActionMask = 2147483647;
			files = (
				3274DDA323191A3D0099B36F /* ViewController.swift in Sources */,
				3274DDCF23191BD70099B36F /* QRScannerView.swift in Sources */,
				3274DDA123191A3D0099B36F /* AppDelegate.swift in Sources */,
			);
			runOnlyForDeploymentPostprocessing = 0;
		};
		3274DDAD23191A3D0099B36F /* Sources */ = {
			isa = PBXSourcesBuildPhase;
			buildActionMask = 2147483647;
			files = (
				3274DDB623191A3D0099B36F /* TestBarcodeQRcodeTests.swift in Sources */,
			);
			runOnlyForDeploymentPostprocessing = 0;
		};
		3274DDB823191A3D0099B36F /* Sources */ = {
			isa = PBXSourcesBuildPhase;
			buildActionMask = 2147483647;
			files = (
				3274DDC123191A3D0099B36F /* TestBarcodeQRcodeUITests.swift in Sources */,
			);
			runOnlyForDeploymentPostprocessing = 0;
		};
/* End PBXSourcesBuildPhase section */

/* Begin PBXTargetDependency section */
		3274DDB323191A3D0099B36F /* PBXTargetDependency */ = {
			isa = PBXTargetDependency;
			target = 3274DD9C23191A3D0099B36F /* TestBarcodeQRcode */;
			targetProxy = 3274DDB223191A3D0099B36F /* PBXContainerItemProxy */;
		};
		3274DDBE23191A3D0099B36F /* PBXTargetDependency */ = {
			isa = PBXTargetDependency;
			target = 3274DD9C23191A3D0099B36F /* TestBarcodeQRcode */;
			targetProxy = 3274DDBD23191A3D0099B36F /* PBXContainerItemProxy */;
		};
/* End PBXTargetDependency section */

/* Begin PBXVariantGroup section */
		3274DDA423191A3D0099B36F /* Main.storyboard */ = {
			isa = PBXVariantGroup;
			children = (
				3274DDA523191A3D0099B36F /* Base */,
			);
			name = Main.storyboard;
			sourceTree = "<group>";
		};
		3274DDA923191A3D0099B36F /* LaunchScreen.storyboard */ = {
			isa = PBXVariantGroup;
			children = (
				3274DDAA23191A3D0099B36F /* Base */,
			);
			name = LaunchScreen.storyboard;
			sourceTree = "<group>";
		};
/* End PBXVariantGroup section */

/* Begin XCBuildConfiguration section */
		3274DDC323191A3D0099B36F /* Debug */ = {
			isa = XCBuildConfiguration;
			buildSettings = {
				ALWAYS_SEARCH_USER_PATHS = NO;
				CLANG_ANALYZER_NONNULL = YES;
				CLANG_ANALYZER_NUMBER_OBJECT_CONVERSION = YES_AGGRESSIVE;
				CLANG_CXX_LANGUAGE_STANDARD = "gnu++14";
				CLANG_CXX_LIBRARY = "libc++";
				CLANG_ENABLE_MODULES = YES;
				CLANG_ENABLE_OBJC_ARC = YES;
				CLANG_ENABLE_OBJC_WEAK = YES;
				CLANG_WARN_BLOCK_CAPTURE_AUTORELEASING = YES;
				CLANG_WARN_BOOL_CONVERSION = YES;
				CLANG_WARN_COMMA = YES;
				CLANG_WARN_CONSTANT_CONVERSION = YES;
				CLANG_WARN_DEPRECATED_OBJC_IMPLEMENTATIONS = YES;
				CLANG_WARN_DIRECT_OBJC_ISA_USAGE = YES_ERROR;
				CLANG_WARN_DOCUMENTATION_COMMENTS = YES;
				CLANG_WARN_EMPTY_BODY = YES;
				CLANG_WARN_ENUM_CONVERSION = YES;
				CLANG_WARN_INFINITE_RECURSION = YES;
				CLANG_WARN_INT_CONVERSION = YES;
				CLANG_WARN_NON_LITERAL_NULL_CONVERSION = YES;
				CLANG_WARN_OBJC_IMPLICIT_RETAIN_SELF = YES;
				CLANG_WARN_OBJC_LITERAL_CONVERSION = YES;
				CLANG_WARN_OBJC_ROOT_CLASS = YES_ERROR;
				CLANG_WARN_RANGE_LOOP_ANALYSIS = YES;
				CLANG_WARN_STRICT_PROTOTYPES = YES;
				CLANG_WARN_SUSPICIOUS_MOVE = YES;
				CLANG_WARN_UNGUARDED_AVAILABILITY = YES_AGGRESSIVE;
				CLANG_WARN_UNREACHABLE_CODE = YES;
				CLANG_WARN__DUPLICATE_METHOD_MATCH = YES;
				CODE_SIGN_IDENTITY = "iPhone Developer";
				COPY_PHASE_STRIP = NO;
				DEBUG_INFORMATION_FORMAT = dwarf;
				ENABLE_STRICT_OBJC_MSGSEND = YES;
				ENABLE_TESTABILITY = YES;
				GCC_C_LANGUAGE_STANDARD = gnu11;
				GCC_DYNAMIC_NO_PIC = NO;
				GCC_NO_COMMON_BLOCKS = YES;
				GCC_OPTIMIZATION_LEVEL = 0;
				GCC_PREPROCESSOR_DEFINITIONS = (
					"DEBUG=1",
					"$(inherited)",
				);
				GCC_WARN_64_TO_32_BIT_CONVERSION = YES;
				GCC_WARN_ABOUT_RETURN_TYPE = YES_ERROR;
				GCC_WARN_UNDECLARED_SELECTOR = YES;
				GCC_WARN_UNINITIALIZED_AUTOS = YES_AGGRESSIVE;
				GCC_WARN_UNUSED_FUNCTION = YES;
				GCC_WARN_UNUSED_VARIABLE = YES;
				IPHONEOS_DEPLOYMENT_TARGET = 12.1;
				MTL_ENABLE_DEBUG_INFO = INCLUDE_SOURCE;
				MTL_FAST_MATH = YES;
				ONLY_ACTIVE_ARCH = YES;
				SDKROOT = iphoneos;
				SWIFT_ACTIVE_COMPILATION_CONDITIONS = DEBUG;
				SWIFT_OPTIMIZATION_LEVEL = "-Onone";
			};
			name = Debug;
		};
		3274DDC423191A3D0099B36F /* Release */ = {
			isa = XCBuildConfiguration;
			buildSettings = {
				ALWAYS_SEARCH_USER_PATHS = NO;
				CLANG_ANALYZER_NONNULL = YES;
				CLANG_ANALYZER_NUMBER_OBJECT_CONVERSION = YES_AGGRESSIVE;
				CLANG_CXX_LANGUAGE_STANDARD = "gnu++14";
				CLANG_CXX_LIBRARY = "libc++";
				CLANG_ENABLE_MODULES = YES;
				CLANG_ENABLE_OBJC_ARC = YES;
				CLANG_ENABLE_OBJC_WEAK = YES;
				CLANG_WARN_BLOCK_CAPTURE_AUTORELEASING = YES;
				CLANG_WARN_BOOL_CONVERSION = YES;
				CLANG_WARN_COMMA = YES;
				CLANG_WARN_CONSTANT_CONVERSION = YES;
				CLANG_WARN_DEPRECATED_OBJC_IMPLEMENTATIONS = YES;
				CLANG_WARN_DIRECT_OBJC_ISA_USAGE = YES_ERROR;
				CLANG_WARN_DOCUMENTATION_COMMENTS = YES;
				CLANG_WARN_EMPTY_BODY = YES;
				CLANG_WARN_ENUM_CONVERSION = YES;
				CLANG_WARN_INFINITE_RECURSION = YES;
				CLANG_WARN_INT_CONVERSION = YES;
				CLANG_WARN_NON_LITERAL_NULL_CONVERSION = YES;
				CLANG_WARN_OBJC_IMPLICIT_RETAIN_SELF = YES;
				CLANG_WARN_OBJC_LITERAL_CONVERSION = YES;
				CLANG_WARN_OBJC_ROOT_CLASS = YES_ERROR;
				CLANG_WARN_RANGE_LOOP_ANALYSIS = YES;
				CLANG_WARN_STRICT_PROTOTYPES = YES;
				CLANG_WARN_SUSPICIOUS_MOVE = YES;
				CLANG_WARN_UNGUARDED_AVAILABILITY = YES_AGGRESSIVE;
				CLANG_WARN_UNREACHABLE_CODE = YES;
				CLANG_WARN__DUPLICATE_METHOD_MATCH = YES;
				CODE_SIGN_IDENTITY = "iPhone Developer";
				COPY_PHASE_STRIP = NO;
				DEBUG_INFORMATION_FORMAT = "dwarf-with-dsym";
				ENABLE_NS_ASSERTIONS = NO;
				ENABLE_STRICT_OBJC_MSGSEND = YES;
				GCC_C_LANGUAGE_STANDARD = gnu11;
				GCC_NO_COMMON_BLOCKS = YES;
				GCC_WARN_64_TO_32_BIT_CONVERSION = YES;
				GCC_WARN_ABOUT_RETURN_TYPE = YES_ERROR;
				GCC_WARN_UNDECLARED_SELECTOR = YES;
				GCC_WARN_UNINITIALIZED_AUTOS = YES_AGGRESSIVE;
				GCC_WARN_UNUSED_FUNCTION = YES;
				GCC_WARN_UNUSED_VARIABLE = YES;
				IPHONEOS_DEPLOYMENT_TARGET = 12.1;
				MTL_ENABLE_DEBUG_INFO = NO;
				MTL_FAST_MATH = YES;
				SDKROOT = iphoneos;
				SWIFT_COMPILATION_MODE = wholemodule;
				SWIFT_OPTIMIZATION_LEVEL = "-O";
				VALIDATE_PRODUCT = YES;
			};
			name = Release;
		};
		3274DDC623191A3D0099B36F /* Debug */ = {
			isa = XCBuildConfiguration;
			buildSettings = {
				ASSETCATALOG_COMPILER_APPICON_NAME = AppIcon;
				CODE_SIGN_STYLE = Automatic;
				DEVELOPMENT_TEAM = XAQUJAQK24;
				INFOPLIST_FILE = TestBarcodeQRcode/Info.plist;
				IPHONEOS_DEPLOYMENT_TARGET = 9.0;
				LD_RUNPATH_SEARCH_PATHS = (
					"$(inherited)",
					"@executable_path/Frameworks",
				);
				PRODUCT_BUNDLE_IDENTIFIER = tw.com.mitake.TestBarcodeQRcode;
				PRODUCT_NAME = "$(TARGET_NAME)";
				SWIFT_VERSION = 4.2;
				TARGETED_DEVICE_FAMILY = "1,2";
			};
			name = Debug;
		};
		3274DDC723191A3D0099B36F /* Release */ = {
			isa = XCBuildConfiguration;
			buildSettings = {
				ASSETCATALOG_COMPILER_APPICON_NAME = AppIcon;
				CODE_SIGN_STYLE = Automatic;
				DEVELOPMENT_TEAM = XAQUJAQK24;
				INFOPLIST_FILE = TestBarcodeQRcode/Info.plist;
				IPHONEOS_DEPLOYMENT_TARGET = 9.0;
				LD_RUNPATH_SEARCH_PATHS = (
					"$(inherited)",
					"@executable_path/Frameworks",
				);
				PRODUCT_BUNDLE_IDENTIFIER = tw.com.mitake.TestBarcodeQRcode;
				PRODUCT_NAME = "$(TARGET_NAME)";
				SWIFT_VERSION = 4.2;
				TARGETED_DEVICE_FAMILY = "1,2";
			};
			name = Release;
		};
		3274DDC923191A3D0099B36F /* Debug */ = {
			isa = XCBuildConfiguration;
			buildSettings = {
				ALWAYS_EMBED_SWIFT_STANDARD_LIBRARIES = YES;
				BUNDLE_LOADER = "$(TEST_HOST)";
				CODE_SIGN_STYLE = Automatic;
				INFOPLIST_FILE = TestBarcodeQRcodeTests/Info.plist;
				LD_RUNPATH_SEARCH_PATHS = (
					"$(inherited)",
					"@executable_path/Frameworks",
					"@loader_path/Frameworks",
				);
				PRODUCT_BUNDLE_IDENTIFIER = tw.com.mitake.TestBarcodeQRcodeTests;
				PRODUCT_NAME = "$(TARGET_NAME)";
				SWIFT_VERSION = 4.2;
				TARGETED_DEVICE_FAMILY = "1,2";
				TEST_HOST = "$(BUILT_PRODUCTS_DIR)/TestBarcodeQRcode.app/TestBarcodeQRcode";
			};
			name = Debug;
		};
		3274DDCA23191A3D0099B36F /* Release */ = {
			isa = XCBuildConfiguration;
			buildSettings = {
				ALWAYS_EMBED_SWIFT_STANDARD_LIBRARIES = YES;
				BUNDLE_LOADER = "$(TEST_HOST)";
				CODE_SIGN_STYLE = Automatic;
				INFOPLIST_FILE = TestBarcodeQRcodeTests/Info.plist;
				LD_RUNPATH_SEARCH_PATHS = (
					"$(inherited)",
					"@executable_path/Frameworks",
					"@loader_path/Frameworks",
				);
				PRODUCT_BUNDLE_IDENTIFIER = tw.com.mitake.TestBarcodeQRcodeTests;
				PRODUCT_NAME = "$(TARGET_NAME)";
				SWIFT_VERSION = 4.2;
				TARGETED_DEVICE_FAMILY = "1,2";
				TEST_HOST = "$(BUILT_PRODUCTS_DIR)/TestBarcodeQRcode.app/TestBarcodeQRcode";
			};
			name = Release;
		};
		3274DDCC23191A3D0099B36F /* Debug */ = {
			isa = XCBuildConfiguration;
			buildSettings = {
				ALWAYS_EMBED_SWIFT_STANDARD_LIBRARIES = YES;
				CODE_SIGN_STYLE = Automatic;
				INFOPLIST_FILE = TestBarcodeQRcodeUITests/Info.plist;
				LD_RUNPATH_SEARCH_PATHS = (
					"$(inherited)",
					"@executable_path/Frameworks",
					"@loader_path/Frameworks",
				);
				PRODUCT_BUNDLE_IDENTIFIER = tw.com.mitake.TestBarcodeQRcodeUITests;
				PRODUCT_NAME = "$(TARGET_NAME)";
				SWIFT_VERSION = 4.2;
				TARGETED_DEVICE_FAMILY = "1,2";
				TEST_TARGET_NAME = TestBarcodeQRcode;
			};
			name = Debug;
		};
		3274DDCD23191A3D0099B36F /* Release */ = {
			isa = XCBuildConfiguration;
			buildSettings = {
				ALWAYS_EMBED_SWIFT_STANDARD_LIBRARIES = YES;
				CODE_SIGN_STYLE = Automatic;
				INFOPLIST_FILE = TestBarcodeQRcodeUITests/Info.plist;
				LD_RUNPATH_SEARCH_PATHS = (
					"$(inherited)",
					"@executable_path/Frameworks",
					"@loader_path/Frameworks",
				);
				PRODUCT_BUNDLE_IDENTIFIER = tw.com.mitake.TestBarcodeQRcodeUITests;
				PRODUCT_NAME = "$(TARGET_NAME)";
				SWIFT_VERSION = 4.2;
				TARGETED_DEVICE_FAMILY = "1,2";
				TEST_TARGET_NAME = TestBarcodeQRcode;
			};
			name = Release;
		};
/* End XCBuildConfiguration section */

/* Begin XCConfigurationList section */
		3274DD9823191A3D0099B36F /* Build configuration list for PBXProject "TestBarcodeQRcode" */ = {
			isa = XCConfigurationList;
			buildConfigurations = (
				3274DDC323191A3D0099B36F /* Debug */,
				3274DDC423191A3D0099B36F /* Release */,
			);
			defaultConfigurationIsVisible = 0;
			defaultConfigurationName = Release;
		};
		3274DDC523191A3D0099B36F /* Build configuration list for PBXNativeTarget "TestBarcodeQRcode" */ = {
			isa = XCConfigurationList;
			buildConfigurations = (
				3274DDC623191A3D0099B36F /* Debug */,
				3274DDC723191A3D0099B36F /* Release */,
			);
			defaultConfigurationIsVisible = 0;
			defaultConfigurationName = Release;
		};
		3274DDC823191A3D0099B36F /* Build configuration list for PBXNativeTarget "TestBarcodeQRcodeTests" */ = {
			isa = XCConfigurationList;
			buildConfigurations = (
				3274DDC923191A3D0099B36F /* Debug */,
				3274DDCA23191A3D0099B36F /* Release */,
			);
			defaultConfigurationIsVisible = 0;
			defaultConfigurationName = Release;
		};
		3274DDCB23191A3D0099B36F /* Build configuration list for PBXNativeTarget "TestBarcodeQRcodeUITests" */ = {
			isa = XCConfigurationList;
			buildConfigurations = (
				3274DDCC23191A3D0099B36F /* Debug */,
				3274DDCD23191A3D0099B36F /* Release */,
			);
			defaultConfigurationIsVisible = 0;
			defaultConfigurationName = Release;
		};
/* End XCConfigurationList section */
	};
	rootObject = 3274DD9523191A3D0099B36F /* Project object */;
}
